
Microsoft Visual Studio Solution File, Format Version 12.00
# Visual Studio Version 17
VisualStudioVersion = 17.6.33815.320
MinimumVisualStudioVersion = 10.0.40219.1
Project("{FAE04EC0-301F-11D3-BF4B-00C04F79EFBC}") = "P.NET_", "P.NET_0.1.0\P.NET_.csproj", "{54D7A8B8-4A86-4CA1-BB04-460D2B86596C}"
EndProject
Global
	GlobalSection(SolutionConfigurationPlatforms) = preSolution
		Debug|Any CPU = Debug|Any CPU
		Release|Any CPU = Release|Any CPU
	EndGlobalSection
	GlobalSection(ProjectConfigurationPlatforms) = postSolution
		{54D7A8B8-4A86-4CA1-BB04-460D2B86596C}.Debug|Any CPU.ActiveCfg = Debug|Any CPU
		{54D7A8B8-4A86-4CA1-BB04-460D2B86596C}.Debug|Any CPU.Build.0 = Debug|Any CPU
		{54D7A8B8-4A86-4CA1-BB04-460D2B86596C}.Release|Any CPU.ActiveCfg = Release|Any CPU
		{54D7A8B8-4A86-4CA1-BB04-460D2B86596C}.Release|Any CPU.Build.0 = Release|Any CPU
	EndGlobalSection
	GlobalSection(SolutionProperties) = preSolution
		HideSolutionNode = FALSE
	EndGlobalSection
	GlobalSection(ExtensibilityGlobals) = postSolution
		SolutionGuid = {B2380159-B3AC-42B2-882E-8A401BC7E153}
	EndGlobalSection
EndGlobal
